// !$*UTF8*$!
{
	archiveVersion = 1;
	classes = {
	};
	objectVersion = 46;
	objects = {

/* Begin PBXBuildFile section */
		8B8827B11D5A65A1009E3855 /* AppDelegate.swift in Sources */ = {isa = PBXBuildFile; fileRef = 8B8827B01D5A65A1009E3855 /* AppDelegate.swift */; };
		8B8827B31D5A65A1009E3855 /* ViewController.swift in Sources */ = {isa = PBXBuildFile; fileRef = 8B8827B21D5A65A1009E3855 /* ViewController.swift */; };
		8B8827B61D5A65A1009E3855 /* Main.storyboard in Resources */ = {isa = PBXBuildFile; fileRef = 8B8827B41D5A65A1009E3855 /* Main.storyboard */; };
		8B8827B81D5A65A1009E3855 /* Assets.xcassets in Resources */ = {isa = PBXBuildFile; fileRef = 8B8827B71D5A65A1009E3855 /* Assets.xcassets */; };
		8B8827BB1D5A65A1009E3855 /* LaunchScreen.storyboard in Resources */ = {isa = PBXBuildFile; fileRef = 8B8827B91D5A65A1009E3855 /* LaunchScreen.storyboard */; };
		8B8827C61D5A65A1009E3855 /* Dependency_ManagerTests.swift in Sources */ = {isa = PBXBuildFile; fileRef = 8B8827C51D5A65A1009E3855 /* Dependency_ManagerTests.swift */; };
		8B8827D11D5A65A1009E3855 /* Dependency_ManagerUITests.swift in Sources */ = {isa = PBXBuildFile; fileRef = 8B8827D01D5A65A1009E3855 /* Dependency_ManagerUITests.swift */; };
/* End PBXBuildFile section */

/* Begin PBXContainerItemProxy section */
		8B8827C21D5A65A1009E3855 /* PBXContainerItemProxy */ = {
			isa = PBXContainerItemProxy;
			containerPortal = 8B8827A51D5A65A1009E3855 /* Project object */;
			proxyType = 1;
			remoteGlobalIDString = 8B8827AC1D5A65A1009E3855;
			remoteInfo = Dependency_Manager;
		};
		8B8827CD1D5A65A1009E3855 /* PBXContainerItemProxy */ = {
			isa = PBXContainerItemProxy;
			containerPortal = 8B8827A51D5A65A1009E3855 /* Project object */;
			proxyType = 1;
			remoteGlobalIDString = 8B8827AC1D5A65A1009E3855;
			remoteInfo = Dependency_Manager;
		};
/* End PBXContainerItemProxy section */

/* Begin PBXFileReference section */
		8B8827AD1D5A65A1009E3855 /* Dependency_Manager.app */ = {isa = PBXFileReference; explicitFileType = wrapper.application; includeInIndex = 0; path = Dependency_Manager.app; sourceTree = BUILT_PRODUCTS_DIR; };
		8B8827B01D5A65A1009E3855 /* AppDelegate.swift */ = {isa = PBXFileReference; lastKnownFileType = sourcecode.swift; path = AppDelegate.swift; sourceTree = "<group>"; };
		8B8827B21D5A65A1009E3855 /* ViewController.swift */ = {isa = PBXFileReference; lastKnownFileType = sourcecode.swift; path = ViewController.swift; sourceTree = "<group>"; };
		8B8827B51D5A65A1009E3855 /* Base */ = {isa = PBXFileReference; lastKnownFileType = file.storyboard; name = Base; path = Base.lproj/Main.storyboard; sourceTree = "<group>"; };
		8B8827B71D5A65A1009E3855 /* Assets.xcassets */ = {isa = PBXFileReference; lastKnownFileType = folder.assetcatalog; path = Assets.xcassets; sourceTree = "<group>"; };
		8B8827BA1D5A65A1009E3855 /* Base */ = {isa = PBXFileReference; lastKnownFileType = file.storyboard; name = Base; path = Base.lproj/LaunchScreen.storyboard; sourceTree = "<group>"; };
		8B8827BC1D5A65A1009E3855 /* Info.plist */ = {isa = PBXFileReference; lastKnownFileType = text.plist.xml; path = Info.plist; sourceTree = "<group>"; };
		8B8827C11D5A65A1009E3855 /* Dependency_ManagerTests.xctest */ = {isa = PBXFileReference; explicitFileType = wrapper.cfbundle; includeInIndex = 0; path = Dependency_ManagerTests.xctest; sourceTree = BUILT_PRODUCTS_DIR; };
		8B8827C51D5A65A1009E3855 /* Dependency_ManagerTests.swift */ = {isa = PBXFileReference; lastKnownFileType = sourcecode.swift; path = Dependency_ManagerTests.swift; sourceTree = "<group>"; };
		8B8827C71D5A65A1009E3855 /* Info.plist */ = {isa = PBXFileReference; lastKnownFileType = text.plist.xml; path = Info.plist; sourceTree = "<group>"; };
		8B8827CC1D5A65A1009E3855 /* Dependency_ManagerUITests.xctest */ = {isa = PBXFileReference; explicitFileType = wrapper.cfbundle; includeInIndex = 0; path = Dependency_ManagerUITests.xctest; sourceTree = BUILT_PRODUCTS_DIR; };
		8B8827D01D5A65A1009E3855 /* Dependency_ManagerUITests.swift */ = {isa = PBXFileReference; lastKnownFileType = sourcecode.swift; path = Dependency_ManagerUITests.swift; sourceTree = "<group>"; };
		8B8827D21D5A65A1009E3855 /* Info.plist */ = {isa = PBXFileReference; lastKnownFileType = text.plist.xml; path = Info.plist; sourceTree = "<group>"; };
/* End PBXFileReference section */

/* Begin PBXFrameworksBuildPhase section */
		8B8827AA1D5A65A1009E3855 /* Frameworks */ = {
			isa = PBXFrameworksBuildPhase;
			buildActionMask = 2147483647;
			files = (
			);
			runOnlyForDeploymentPostprocessing = 0;
		};
		8B8827BE1D5A65A1009E3855 /* Frameworks */ = {
			isa = PBXFrameworksBuildPhase;
			buildActionMask = 2147483647;
			files = (
			);
			runOnlyForDeploymentPostprocessing = 0;
		};
		8B8827C91D5A65A1009E3855 /* Frameworks */ = {
			isa = PBXFrameworksBuildPhase;
			buildActionMask = 2147483647;
			files = (
			);
			runOnlyForDeploymentPostprocessing = 0;
		};
/* End PBXFrameworksBuildPhase section */

/* Begin PBXGroup section */
		8B8827A41D5A65A1009E3855 = {
			isa = PBXGroup;
			children = (
				8B8827AF1D5A65A1009E3855 /* Dependency_Manager */,
				8B8827C41D5A65A1009E3855 /* Dependency_ManagerTests */,
				8B8827CF1D5A65A1009E3855 /* Dependency_ManagerUITests */,
				8B8827AE1D5A65A1009E3855 /* Products */,
			);
			sourceTree = "<group>";
		};
		8B8827AE1D5A65A1009E3855 /* Products */ = {
			isa = PBXGroup;
			children = (
				8B8827AD1D5A65A1009E3855 /* Dependency_Manager.app */,
				8B8827C11D5A65A1009E3855 /* Dependency_ManagerTests.xctest */,
				8B8827CC1D5A65A1009E3855 /* Dependency_ManagerUITests.xctest */,
			);
			name = Products;
			sourceTree = "<group>";
		};
		8B8827AF1D5A65A1009E3855 /* Dependency_Manager */ = {
			isa = PBXGroup;
			children = (
				8B8827B01D5A65A1009E3855 /* AppDelegate.swift */,
				8B8827B21D5A65A1009E3855 /* ViewController.swift */,
				8B8827B41D5A65A1009E3855 /* Main.storyboard */,
				8B8827B71D5A65A1009E3855 /* Assets.xcassets */,
				8B8827B91D5A65A1009E3855 /* LaunchScreen.storyboard */,
				8B8827BC1D5A65A1009E3855 /* Info.plist */,
			);
			path = Dependency_Manager;
			sourceTree = "<group>";
		};
		8B8827C41D5A65A1009E3855 /* Dependency_ManagerTests */ = {
			isa = PBXGroup;
			children = (
				8B8827C51D5A65A1009E3855 /* Dependency_ManagerTests.swift */,
				8B8827C71D5A65A1009E3855 /* Info.plist */,
			);
			path = Dependency_ManagerTests;
			sourceTree = "<group>";
		};
		8B8827CF1D5A65A1009E3855 /* Dependency_ManagerUITests */ = {
			isa = PBXGroup;
			children = (
				8B8827D01D5A65A1009E3855 /* Dependency_ManagerUITests.swift */,
				8B8827D21D5A65A1009E3855 /* Info.plist */,
			);
			path = Dependency_ManagerUITests;
			sourceTree = "<group>";
		};
/* End PBXGroup section */

/* Begin PBXNativeTarget section */
		8B8827AC1D5A65A1009E3855 /* Dependency_Manager */ = {
			isa = PBXNativeTarget;
			buildConfigurationList = 8B8827D51D5A65A1009E3855 /* Build configuration list for PBXNativeTarget "Dependency_Manager" */;
			buildPhases = (
				8B8827A91D5A65A1009E3855 /* Sources */,
				8B8827AA1D5A65A1009E3855 /* Frameworks */,
				8B8827AB1D5A65A1009E3855 /* Resources */,
			);
			buildRules = (
			);
			dependencies = (
			);
			name = Dependency_Manager;
			productName = Dependency_Manager;
			productReference = 8B8827AD1D5A65A1009E3855 /* Dependency_Manager.app */;
			productType = "com.apple.product-type.application";
		};
		8B8827C01D5A65A1009E3855 /* Dependency_ManagerTests */ = {
			isa = PBXNativeTarget;
			buildConfigurationList = 8B8827D81D5A65A1009E3855 /* Build configuration list for PBXNativeTarget "Dependency_ManagerTests" */;
			buildPhases = (
				8B8827BD1D5A65A1009E3855 /* Sources */,
				8B8827BE1D5A65A1009E3855 /* Frameworks */,
				8B8827BF1D5A65A1009E3855 /* Resources */,
			);
			buildRules = (
			);
			dependencies = (
				8B8827C31D5A65A1009E3855 /* PBXTargetDependency */,
			);
			name = Dependency_ManagerTests;
			productName = Dependency_ManagerTests;
			productReference = 8B8827C11D5A65A1009E3855 /* Dependency_ManagerTests.xctest */;
			productType = "com.apple.product-type.bundle.unit-test";
		};
		8B8827CB1D5A65A1009E3855 /* Dependency_ManagerUITests */ = {
			isa = PBXNativeTarget;
			buildConfigurationList = 8B8827DB1D5A65A1009E3855 /* Build configuration list for PBXNativeTarget "Dependency_ManagerUITests" */;
			buildPhases = (
				8B8827C81D5A65A1009E3855 /* Sources */,
				8B8827C91D5A65A1009E3855 /* Frameworks */,
				8B8827CA1D5A65A1009E3855 /* Resources */,
			);
			buildRules = (
			);
			dependencies = (
				8B8827CE1D5A65A1009E3855 /* PBXTargetDependency */,
			);
			name = Dependency_ManagerUITests;
			productName = Dependency_ManagerUITests;
			productReference = 8B8827CC1D5A65A1009E3855 /* Dependency_ManagerUITests.xctest */;
			productType = "com.apple.product-type.bundle.ui-testing";
		};
/* End PBXNativeTarget section */

/* Begin PBXProject section */
		8B8827A51D5A65A1009E3855 /* Project object */ = {
			isa = PBXProject;
			attributes = {
				LastSwiftUpdateCheck = 0730;
				LastUpgradeCheck = 0730;
				ORGANIZATIONNAME = Sandeep;
				TargetAttributes = {
					8B8827AC1D5A65A1009E3855 = {
						CreatedOnToolsVersion = 7.3.1;
					};
					8B8827C01D5A65A1009E3855 = {
						CreatedOnToolsVersion = 7.3.1;
						TestTargetID = 8B8827AC1D5A65A1009E3855;
					};
					8B8827CB1D5A65A1009E3855 = {
						CreatedOnToolsVersion = 7.3.1;
						TestTargetID = 8B8827AC1D5A65A1009E3855;
					};
				};
			};
			buildConfigurationList = 8B8827A81D5A65A1009E3855 /* Build configuration list for PBXProject "Dependency_Manager" */;
			compatibilityVersion = "Xcode 3.2";
			developmentRegion = English;
			hasScannedForEncodings = 0;
			knownRegions = (
				en,
				Base,
			);
			mainGroup = 8B8827A41D5A65A1009E3855;
			productRefGroup = 8B8827AE1D5A65A1009E3855 /* Products */;
			projectDirPath = "";
			projectRoot = "";
			targets = (
				8B8827AC1D5A65A1009E3855 /* Dependency_Manager */,
				8B8827C01D5A65A1009E3855 /* Dependency_ManagerTests */,
				8B8827CB1D5A65A1009E3855 /* Dependency_ManagerUITests */,
			);
		};
/* End PBXProject section */

/* Begin PBXResourcesBuildPhase section */
		8B8827AB1D5A65A1009E3855 /* Resources */ = {
			isa = PBXResourcesBuildPhase;
			buildActionMask = 2147483647;
			files = (
				8B8827BB1D5A65A1009E3855 /* LaunchScreen.storyboard in Resources */,
				8B8827B81D5A65A1009E3855 /* Assets.xcassets in Resources */,
				8B8827B61D5A65A1009E3855 /* Main.storyboard in Resources */,
			);
			runOnlyForDeploymentPostprocessing = 0;
		};
		8B8827BF1D5A65A1009E3855 /* Resources */ = {
			isa = PBXResourcesBuildPhase;
			buildActionMask = 2147483647;
			files = (
			);
			runOnlyForDeploymentPostprocessing = 0;
		};
		8B8827CA1D5A65A1009E3855 /* Resources */ = {
			isa = PBXResourcesBuildPhase;
			buildActionMask = 2147483647;
			files = (
			);
			runOnlyForDeploymentPostprocessing = 0;
		};
/* End PBXResourcesBuildPhase section */

/* Begin PBXSourcesBuildPhase section */
		8B8827A91D5A65A1009E3855 /* Sources */ = {
			isa = PBXSourcesBuildPhase;
			buildActionMask = 2147483647;
			files = (
				8B8827B31D5A65A1009E3855 /* ViewController.swift in Sources */,
				8B8827B11D5A65A1009E3855 /* AppDelegate.swift in Sources */,
			);
			runOnlyForDeploymentPostprocessing = 0;
		};
		8B8827BD1D5A65A1009E3855 /* Sources */ = {
			isa = PBXSourcesBuildPhase;
			buildActionMask = 2147483647;
			files = (
				8B8827C61D5A65A1009E3855 /* Dependency_ManagerTests.swift in Sources */,
			);
			runOnlyForDeploymentPostprocessing = 0;
		};
		8B8827C81D5A65A1009E3855 /* Sources */ = {
			isa = PBXSourcesBuildPhase;
			buildActionMask = 2147483647;
			files = (
				8B8827D11D5A65A1009E3855 /* Dependency_ManagerUITests.swift in Sources */,
			);
			runOnlyForDeploymentPostprocessing = 0;
		};
/* End PBXSourcesBuildPhase section */

/* Begin PBXTargetDependency section */
		8B8827C31D5A65A1009E3855 /* PBXTargetDependency */ = {
			isa = PBXTargetDependency;
			target = 8B8827AC1D5A65A1009E3855 /* Dependency_Manager */;
			targetProxy = 8B8827C21D5A65A1009E3855 /* PBXContainerItemProxy */;
		};
		8B8827CE1D5A65A1009E3855 /* PBXTargetDependency */ = {
			isa = PBXTargetDependency;
			target = 8B8827AC1D5A65A1009E3855 /* Dependency_Manager */;
			targetProxy = 8B8827CD1D5A65A1009E3855 /* PBXContainerItemProxy */;
		};
/* End PBXTargetDependency section */

/* Begin PBXVariantGroup section */
		8B8827B41D5A65A1009E3855 /* Main.storyboard */ = {
			isa = PBXVariantGroup;
			children = (
				8B8827B51D5A65A1009E3855 /* Base */,
			);
			name = Main.storyboard;
			sourceTree = "<group>";
		};
		8B8827B91D5A65A1009E3855 /* LaunchScreen.storyboard */ = {
			isa = PBXVariantGroup;
			children = (
				8B8827BA1D5A65A1009E3855 /* Base */,
			);
			name = LaunchScreen.storyboard;
			sourceTree = "<group>";
		};
/* End PBXVariantGroup section */

/* Begin XCBuildConfiguration section */
		8B8827D31D5A65A1009E3855 /* Debug */ = {
			isa = XCBuildConfiguration;
			buildSettings = {
				ALWAYS_SEARCH_USER_PATHS = NO;
				CLANG_ANALYZER_NONNULL = YES;
				CLANG_CXX_LANGUAGE_STANDARD = "gnu++0x";
				CLANG_CXX_LIBRARY = "libc++";
				CLANG_ENABLE_MODULES = YES;
				CLANG_ENABLE_OBJC_ARC = YES;
				CLANG_WARN_BOOL_CONVERSION = YES;
				CLANG_WARN_CONSTANT_CONVERSION = YES;
				CLANG_WARN_DIRECT_OBJC_ISA_USAGE = YES_ERROR;
				CLANG_WARN_EMPTY_BODY = YES;
				CLANG_WARN_ENUM_CONVERSION = YES;
				CLANG_WARN_INT_CONVERSION = YES;
				CLANG_WARN_OBJC_ROOT_CLASS = YES_ERROR;
				CLANG_WARN_UNREACHABLE_CODE = YES;
				CLANG_WARN__DUPLICATE_METHOD_MATCH = YES;
				"CODE_SIGN_IDENTITY[sdk=iphoneos*]" = "iPhone Developer";
				COPY_PHASE_STRIP = NO;
				DEBUG_INFORMATION_FORMAT = dwarf;
				ENABLE_STRICT_OBJC_MSGSEND = YES;
				ENABLE_TESTABILITY = YES;
				GCC_C_LANGUAGE_STANDARD = gnu99;
				GCC_DYNAMIC_NO_PIC = NO;
				GCC_NO_COMMON_BLOCKS = YES;
				GCC_OPTIMIZATION_LEVEL = 0;
				GCC_PREPROCESSOR_DEFINITIONS = (
					"DEBUG=1",
					"$(inherited)",
				);
				GCC_WARN_64_TO_32_BIT_CONVERSION = YES;
				GCC_WARN_ABOUT_RETURN_TYPE = YES_ERROR;
				GCC_WARN_UNDECLARED_SELECTOR = YES;
				GCC_WARN_UNINITIALIZED_AUTOS = YES_AGGRESSIVE;
				GCC_WARN_UNUSED_FUNCTION = YES;
				GCC_WARN_UNUSED_VARIABLE = YES;
				IPHONEOS_DEPLOYMENT_TARGET = 9.3;
				MTL_ENABLE_DEBUG_INFO = YES;
				ONLY_ACTIVE_ARCH = YES;
				SDKROOT = iphoneos;
				SWIFT_OPTIMIZATION_LEVEL = "-Onone";
				TARGETED_DEVICE_FAMILY = "1,2";
			};
			name = Debug;
		};
		8B8827D41D5A65A1009E3855 /* Release */ = {
			isa = XCBuildConfiguration;
			buildSettings = {
				ALWAYS_SEARCH_USER_PATHS = NO;
				CLANG_ANALYZER_NONNULL = YES;
				CLANG_CXX_LANGUAGE_STANDARD = "gnu++0x";
				CLANG_CXX_LIBRARY = "libc++";
				CLANG_ENABLE_MODULES = YES;
				CLANG_ENABLE_OBJC_ARC = YES;
				CLANG_WARN_BOOL_CONVERSION = YES;
				CLANG_WARN_CONSTANT_CONVERSION = YES;
				CLANG_WARN_DIRECT_OBJC_ISA_USAGE = YES_ERROR;
				CLANG_WARN_EMPTY_BODY = YES;
				CLANG_WARN_ENUM_CONVERSION = YES;
				CLANG_WARN_INT_CONVERSION = YES;
				CLANG_WARN_OBJC_ROOT_CLASS = YES_ERROR;
				CLANG_WARN_UNREACHABLE_CODE = YES;
				CLANG_WARN__DUPLICATE_METHOD_MATCH = YES;
				"CODE_SIGN_IDENTITY[sdk=iphoneos*]" = "iPhone Developer";
				COPY_PHASE_STRIP = NO;
				DEBUG_INFORMATION_FORMAT = "dwarf-with-dsym";
				ENABLE_NS_ASSERTIONS = NO;
				ENABLE_STRICT_OBJC_MSGSEND = YES;
				GCC_C_LANGUAGE_STANDARD = gnu99;
				GCC_NO_COMMON_BLOCKS = YES;
				GCC_WARN_64_TO_32_BIT_CONVERSION = YES;
				GCC_WARN_ABOUT_RETURN_TYPE = YES_ERROR;
				GCC_WARN_UNDECLARED_SELECTOR = YES;
				GCC_WARN_UNINITIALIZED_AUTOS = YES_AGGRESSIVE;
				GCC_WARN_UNUSED_FUNCTION = YES;
				GCC_WARN_UNUSED_VARIABLE = YES;
				IPHONEOS_DEPLOYMENT_TARGET = 9.3;
				MTL_ENABLE_DEBUG_INFO = NO;
				SDKROOT = iphoneos;
				TARGETED_DEVICE_FAMILY = "1,2";
				VALIDATE_PRODUCT = YES;
			};
			name = Release;
		};
		8B8827D61D5A65A1009E3855 /* Debug */ = {
			isa = XCBuildConfiguration;
			buildSettings = {
				ASSETCATALOG_COMPILER_APPICON_NAME = AppIcon;
				INFOPLIST_FILE = Dependency_Manager/Info.plist;
				LD_RUNPATH_SEARCH_PATHS = "$(inherited) @executable_path/Frameworks";
				PRODUCT_BUNDLE_IDENTIFIER = "com.sandeep.Dependency-Manager";
				PRODUCT_NAME = "$(TARGET_NAME)";
			};
			name = Debug;
		};
		8B8827D71D5A65A1009E3855 /* Release */ = {
			isa = XCBuildConfiguration;
			buildSettings = {
				ASSETCATALOG_COMPILER_APPICON_NAME = AppIcon;
				INFOPLIST_FILE = Dependency_Manager/Info.plist;
				LD_RUNPATH_SEARCH_PATHS = "$(inherited) @executable_path/Frameworks";
				PRODUCT_BUNDLE_IDENTIFIER = "com.sandeep.Dependency-Manager";
				PRODUCT_NAME = "$(TARGET_NAME)";
			};
			name = Release;
		};
		8B8827D91D5A65A1009E3855 /* Debug */ = {
			isa = XCBuildConfiguration;
			buildSettings = {
				BUNDLE_LOADER = "$(TEST_HOST)";
				INFOPLIST_FILE = Dependency_ManagerTests/Info.plist;
				LD_RUNPATH_SEARCH_PATHS = "$(inherited) @executable_path/Frameworks @loader_path/Frameworks";
				PRODUCT_BUNDLE_IDENTIFIER = "com.sandeep.Dependency-ManagerTests";
				PRODUCT_NAME = "$(TARGET_NAME)";
				TEST_HOST = "$(BUILT_PRODUCTS_DIR)/Dependency_Manager.app/Dependency_Manager";
			};
			name = Debug;
		};
		8B8827DA1D5A65A1009E3855 /* Release */ = {
			isa = XCBuildConfiguration;
			buildSettings = {
				BUNDLE_LOADER = "$(TEST_HOST)";
				INFOPLIST_FILE = Dependency_ManagerTests/Info.plist;
				LD_RUNPATH_SEARCH_PATHS = "$(inherited) @executable_path/Frameworks @loader_path/Frameworks";
				PRODUCT_BUNDLE_IDENTIFIER = "com.sandeep.Dependency-ManagerTests";
				PRODUCT_NAME = "$(TARGET_NAME)";
				TEST_HOST = "$(BUILT_PRODUCTS_DIR)/Dependency_Manager.app/Dependency_Manager";
			};
			name = Release;
		};
		8B8827DC1D5A65A1009E3855 /* Debug */ = {
			isa = XCBuildConfiguration;
			buildSettings = {
				INFOPLIST_FILE = Dependency_ManagerUITests/Info.plist;
				LD_RUNPATH_SEARCH_PATHS = "$(inherited) @executable_path/Frameworks @loader_path/Frameworks";
				PRODUCT_BUNDLE_IDENTIFIER = "com.sandeep.Dependency-ManagerUITests";
				PRODUCT_NAME = "$(TARGET_NAME)";
				TEST_TARGET_NAME = Dependency_Manager;
			};
			name = Debug;
		};
		8B8827DD1D5A65A1009E3855 /* Release */ = {
			isa = XCBuildConfiguration;
			buildSettings = {
				INFOPLIST_FILE = Dependency_ManagerUITests/Info.plist;
				LD_RUNPATH_SEARCH_PATHS = "$(inherited) @executable_path/Frameworks @loader_path/Frameworks";
				PRODUCT_BUNDLE_IDENTIFIER = "com.sandeep.Dependency-ManagerUITests";
				PRODUCT_NAME = "$(TARGET_NAME)";
				TEST_TARGET_NAME = Dependency_Manager;
			};
			name = Release;
		};
/* End XCBuildConfiguration section */

/* Begin XCConfigurationList section */
		8B8827A81D5A65A1009E3855 /* Build configuration list for PBXProject "Dependency_Manager" */ = {
			isa = XCConfigurationList;
			buildConfigurations = (
				8B8827D31D5A65A1009E3855 /* Debug */,
				8B8827D41D5A65A1009E3855 /* Release */,
			);
			defaultConfigurationIsVisible = 0;
			defaultConfigurationName = Release;
		};
		8B8827D51D5A65A1009E3855 /* Build configuration list for PBXNativeTarget "Dependency_Manager" */ = {
			isa = XCConfigurationList;
			buildConfigurations = (
				8B8827D61D5A65A1009E3855 /* Debug */,
				8B8827D71D5A65A1009E3855 /* Release */,
			);
			defaultConfigurationIsVisible = 0;
		};
		8B8827D81D5A65A1009E3855 /* Build configuration list for PBXNativeTarget "Dependency_ManagerTests" */ = {
			isa = XCConfigurationList;
			buildConfigurations = (
				8B8827D91D5A65A1009E3855 /* Debug */,
				8B8827DA1D5A65A1009E3855 /* Release */,
			);
			defaultConfigurationIsVisible = 0;
		};
		8B8827DB1D5A65A1009E3855 /* Build configuration list for PBXNativeTarget "Dependency_ManagerUITests" */ = {
			isa = XCConfigurationList;
			buildConfigurations = (
				8B8827DC1D5A65A1009E3855 /* Debug */,
				8B8827DD1D5A65A1009E3855 /* Release */,
			);
			defaultConfigurationIsVisible = 0;
		};
/* End XCConfigurationList section */
	};
	rootObject = 8B8827A51D5A65A1009E3855 /* Project object */;
}
